
Microsoft Visual Studio Solution File, Format Version 12.00
# Visual Studio Version 17
VisualStudioVersion = 17.14.36429.23 d17.14
MinimumVisualStudioVersion = 10.0.40219.1
Project("{FAE04EC0-301F-11D3-BF4B-00C04F79EFBC}") = "api_gateway", "api_gateway\api_gateway.csproj", "{ED113A52-EC31-4453-936D-C5CEC450CDDA}"
EndProject
Global
	GlobalSection(SolutionConfigurationPlatforms) = preSolution
		Debug|Any CPU = Debug|Any CPU
		Release|Any CPU = Release|Any CPU
	EndGlobalSection
	GlobalSection(ProjectConfigurationPlatforms) = postSolution
		{ED113A52-EC31-4453-936D-C5CEC450CDDA}.Debug|Any CPU.ActiveCfg = Debug|Any CPU
		{ED113A52-EC31-4453-936D-C5CEC450CDDA}.Debug|Any CPU.Build.0 = Debug|Any CPU
		{ED113A52-EC31-4453-936D-C5CEC450CDDA}.Release|Any CPU.ActiveCfg = Release|Any CPU
		{ED113A52-EC31-4453-936D-C5CEC450CDDA}.Release|Any CPU.Build.0 = Release|Any CPU
	EndGlobalSection
	GlobalSection(SolutionProperties) = preSolution
		HideSolutionNode = FALSE
	EndGlobalSection
	GlobalSection(ExtensibilityGlobals) = postSolution
		SolutionGuid = {37F6F79F-D2EF-4C7C-81EF-D925D51E32B9}
	EndGlobalSection
EndGlobal
